
Microsoft Visual Studio Solution File, Format Version 12.00
# Visual Studio Version 16
VisualStudioVersion = 16.0.31702.278
MinimumVisualStudioVersion = 10.0.40219.1
Project("{888888A0-9F3D-457C-B088-3A5042F75D52}") = "11 8 21 mandelbrot", "11 8 21 mandelbrot\11 8 21 mandelbrot.pyproj", "{83B88092-752F-4074-922D-290B903E1355}"
EndProject
Global
	GlobalSection(SolutionConfigurationPlatforms) = preSolution
		Debug|Any CPU = Debug|Any CPU
		Release|Any CPU = Release|Any CPU
	EndGlobalSection
	GlobalSection(ProjectConfigurationPlatforms) = postSolution
		{83B88092-752F-4074-922D-290B903E1355}.Debug|Any CPU.ActiveCfg = Debug|Any CPU
		{83B88092-752F-4074-922D-290B903E1355}.Release|Any CPU.ActiveCfg = Release|Any CPU
	EndGlobalSection
	GlobalSection(SolutionProperties) = preSolution
		HideSolutionNode = FALSE
	EndGlobalSection
	GlobalSection(ExtensibilityGlobals) = postSolution
		SolutionGuid = {D75668C3-C016-4ABA-BE75-ED32A4EC6863}
	EndGlobalSection
EndGlobal
